
Microsoft Visual Studio Solution File, Format Version 12.00
# Visual Studio 2012
Project("{8BC9CEB8-8B4A-11D0-8D11-00A0C91BC942}") = "winner_relay", "winner_relay\winner_relay.vcxproj", "{2F0B57BB-695E-4BA3-933D-997BD1FD6EED}"
EndProject
Project("{8BC9CEB8-8B4A-11D0-8D11-00A0C91BC942}") = "trade_server", "trade_server\trade_server.vcxproj", "{2BD48F05-0D26-475D-BD92-7AB78744910A}"
EndProject
Project("{8BC9CEB8-8B4A-11D0-8D11-00A0C91BC942}") = "WINNERLib", "WINNERLib\WINNERLib.vcxproj", "{751706A8-D3EB-464A-A707-96403481063B}"
EndProject
Project("{8BC9CEB8-8B4A-11D0-8D11-00A0C91BC942}") = "intermface", "intermface\intermface.vcxproj", "{F2EC0189-2DD3-4DD4-9DE7-61E9FCDCE213}"
EndProject
Project("{8BC9CEB8-8B4A-11D0-8D11-00A0C91BC942}") = "quotation_server", "quotation_server\quotation_server.vcxproj", "{F8790822-5356-4406-8DD9-1EA9E8206FF4}"
EndProject
Project("{2150E333-8FDC-42A3-9474-1A3956D46DE8}") = "tests", "tests", "{4004E473-BD01-4D2B-94B9-8FFCCA6D1800}"
EndProject
Project("{2150E333-8FDC-42A3-9474-1A3956D46DE8}") = "servers", "servers", "{6913D7D7-4C93-4ED0-9339-877443AE0291}"
EndProject
Project("{2150E333-8FDC-42A3-9474-1A3956D46DE8}") = "api", "api", "{CF1BE257-AD99-44BA-9FF8-C85E514D96D1}"
EndProject
Project("{8BC9CEB8-8B4A-11D0-8D11-00A0C91BC942}") = "winner_api", "winner_api\winner_api.vcxproj", "{747498BB-C882-4E77-AF55-1F05AB2794A6}"
EndProject
Project("{8BC9CEB8-8B4A-11D0-8D11-00A0C91BC942}") = "test_api", "test_api\test_api.vcxproj", "{A10CCFC5-AE44-4B49-8C5C-E8E4075B2A3D}"
EndProject
Project("{8BC9CEB8-8B4A-11D0-8D11-00A0C91BC942}") = "Test", "..\..\..\..\WenJin\Dev_src\Dev_lib\Test\Test.vcxproj", "{8D3EF13D-A5DD-471C-856C-D47EC1B5E5E8}"
EndProject
Project("{8BC9CEB8-8B4A-11D0-8D11-00A0C91BC942}") = "TLibTool", "..\..\..\..\WenJin\Dev_src\Dev_lib\TLibTool\TLibTool.vcxproj", "{DDE6B8F6-C18D-40D7-9C3F-02DCA394E347}"
EndProject
Global
	GlobalSection(SolutionConfigurationPlatforms) = preSolution
		Debug|Win32 = Debug|Win32
		Debug|x64 = Debug|x64
		Release|Win32 = Release|Win32
		Release|x64 = Release|x64
	EndGlobalSection
	GlobalSection(ProjectConfigurationPlatforms) = postSolution
		{2F0B57BB-695E-4BA3-933D-997BD1FD6EED}.Debug|Win32.ActiveCfg = Debug|Win32
		{2F0B57BB-695E-4BA3-933D-997BD1FD6EED}.Debug|Win32.Build.0 = Debug|Win32
		{2F0B57BB-695E-4BA3-933D-997BD1FD6EED}.Debug|x64.ActiveCfg = Debug|Win32
		{2F0B57BB-695E-4BA3-933D-997BD1FD6EED}.Release|Win32.ActiveCfg = Release|Win32
		{2F0B57BB-695E-4BA3-933D-997BD1FD6EED}.Release|Win32.Build.0 = Release|Win32
		{2F0B57BB-695E-4BA3-933D-997BD1FD6EED}.Release|x64.ActiveCfg = Release|Win32
		{2BD48F05-0D26-475D-BD92-7AB78744910A}.Debug|Win32.ActiveCfg = Debug|Win32
		{2BD48F05-0D26-475D-BD92-7AB78744910A}.Debug|Win32.Build.0 = Debug|Win32
		{2BD48F05-0D26-475D-BD92-7AB78744910A}.Debug|x64.ActiveCfg = Debug|Win32
		{2BD48F05-0D26-475D-BD92-7AB78744910A}.Release|Win32.ActiveCfg = Release|Win32
		{2BD48F05-0D26-475D-BD92-7AB78744910A}.Release|Win32.Build.0 = Release|Win32
		{2BD48F05-0D26-475D-BD92-7AB78744910A}.Release|x64.ActiveCfg = Release|Win32
		{751706A8-D3EB-464A-A707-96403481063B}.Debug|Win32.ActiveCfg = Debug|Win32
		{751706A8-D3EB-464A-A707-96403481063B}.Debug|Win32.Build.0 = Debug|Win32
		{751706A8-D3EB-464A-A707-96403481063B}.Debug|x64.ActiveCfg = Debug|Win32
		{751706A8-D3EB-464A-A707-96403481063B}.Release|Win32.ActiveCfg = Release|Win32
		{751706A8-D3EB-464A-A707-96403481063B}.Release|Win32.Build.0 = Release|Win32
		{751706A8-D3EB-464A-A707-96403481063B}.Release|x64.ActiveCfg = Release|Win32
		{F2EC0189-2DD3-4DD4-9DE7-61E9FCDCE213}.Debug|Win32.ActiveCfg = Debug|Win32
		{F2EC0189-2DD3-4DD4-9DE7-61E9FCDCE213}.Debug|Win32.Build.0 = Debug|Win32
		{F2EC0189-2DD3-4DD4-9DE7-61E9FCDCE213}.Debug|x64.ActiveCfg = Debug|Win32
		{F2EC0189-2DD3-4DD4-9DE7-61E9FCDCE213}.Release|Win32.ActiveCfg = Release|Win32
		{F2EC0189-2DD3-4DD4-9DE7-61E9FCDCE213}.Release|Win32.Build.0 = Release|Win32
		{F2EC0189-2DD3-4DD4-9DE7-61E9FCDCE213}.Release|x64.ActiveCfg = Release|Win32
		{F8790822-5356-4406-8DD9-1EA9E8206FF4}.Debug|Win32.ActiveCfg = Debug|Win32
		{F8790822-5356-4406-8DD9-1EA9E8206FF4}.Debug|Win32.Build.0 = Debug|Win32
		{F8790822-5356-4406-8DD9-1EA9E8206FF4}.Debug|x64.ActiveCfg = Debug|Win32
		{F8790822-5356-4406-8DD9-1EA9E8206FF4}.Release|Win32.ActiveCfg = Release|Win32
		{F8790822-5356-4406-8DD9-1EA9E8206FF4}.Release|Win32.Build.0 = Release|Win32
		{F8790822-5356-4406-8DD9-1EA9E8206FF4}.Release|x64.ActiveCfg = Release|Win32
		{747498BB-C882-4E77-AF55-1F05AB2794A6}.Debug|Win32.ActiveCfg = Debug|Win32
		{747498BB-C882-4E77-AF55-1F05AB2794A6}.Debug|Win32.Build.0 = Debug|Win32
		{747498BB-C882-4E77-AF55-1F05AB2794A6}.Debug|x64.ActiveCfg = Debug|Win32
		{747498BB-C882-4E77-AF55-1F05AB2794A6}.Release|Win32.ActiveCfg = Release|Win32
		{747498BB-C882-4E77-AF55-1F05AB2794A6}.Release|Win32.Build.0 = Release|Win32
		{747498BB-C882-4E77-AF55-1F05AB2794A6}.Release|x64.ActiveCfg = Release|Win32
		{A10CCFC5-AE44-4B49-8C5C-E8E4075B2A3D}.Debug|Win32.ActiveCfg = Debug|Win32
		{A10CCFC5-AE44-4B49-8C5C-E8E4075B2A3D}.Debug|Win32.Build.0 = Debug|Win32
		{A10CCFC5-AE44-4B49-8C5C-E8E4075B2A3D}.Debug|x64.ActiveCfg = Debug|Win32
		{A10CCFC5-AE44-4B49-8C5C-E8E4075B2A3D}.Release|Win32.ActiveCfg = Release|Win32
		{A10CCFC5-AE44-4B49-8C5C-E8E4075B2A3D}.Release|Win32.Build.0 = Release|Win32
		{A10CCFC5-AE44-4B49-8C5C-E8E4075B2A3D}.Release|x64.ActiveCfg = Release|Win32
		{8D3EF13D-A5DD-471C-856C-D47EC1B5E5E8}.Debug|Win32.ActiveCfg = Debug|Win32
		{8D3EF13D-A5DD-471C-856C-D47EC1B5E5E8}.Debug|Win32.Build.0 = Debug|Win32
		{8D3EF13D-A5DD-471C-856C-D47EC1B5E5E8}.Debug|x64.ActiveCfg = Debug|x64
		{8D3EF13D-A5DD-471C-856C-D47EC1B5E5E8}.Debug|x64.Build.0 = Debug|x64
		{8D3EF13D-A5DD-471C-856C-D47EC1B5E5E8}.Release|Win32.ActiveCfg = Release|Win32
		{8D3EF13D-A5DD-471C-856C-D47EC1B5E5E8}.Release|Win32.Build.0 = Release|Win32
		{8D3EF13D-A5DD-471C-856C-D47EC1B5E5E8}.Release|x64.ActiveCfg = Release|x64
		{8D3EF13D-A5DD-471C-856C-D47EC1B5E5E8}.Release|x64.Build.0 = Release|x64
		{DDE6B8F6-C18D-40D7-9C3F-02DCA394E347}.Debug|Win32.ActiveCfg = Debug|Win32
		{DDE6B8F6-C18D-40D7-9C3F-02DCA394E347}.Debug|Win32.Build.0 = Debug|Win32
		{DDE6B8F6-C18D-40D7-9C3F-02DCA394E347}.Debug|x64.ActiveCfg = Debug|x64
		{DDE6B8F6-C18D-40D7-9C3F-02DCA394E347}.Debug|x64.Build.0 = Debug|x64
		{DDE6B8F6-C18D-40D7-9C3F-02DCA394E347}.Release|Win32.ActiveCfg = Release|Win32
		{DDE6B8F6-C18D-40D7-9C3F-02DCA394E347}.Release|Win32.Build.0 = Release|Win32
		{DDE6B8F6-C18D-40D7-9C3F-02DCA394E347}.Release|x64.ActiveCfg = Release|x64
		{DDE6B8F6-C18D-40D7-9C3F-02DCA394E347}.Release|x64.Build.0 = Release|x64
	EndGlobalSection
	GlobalSection(SolutionProperties) = preSolution
		HideSolutionNode = FALSE
	EndGlobalSection
	GlobalSection(NestedProjects) = preSolution
		{F8790822-5356-4406-8DD9-1EA9E8206FF4} = {6913D7D7-4C93-4ED0-9339-877443AE0291}
		{2BD48F05-0D26-475D-BD92-7AB78744910A} = {6913D7D7-4C93-4ED0-9339-877443AE0291}
		{A10CCFC5-AE44-4B49-8C5C-E8E4075B2A3D} = {4004E473-BD01-4D2B-94B9-8FFCCA6D1800}
		{747498BB-C882-4E77-AF55-1F05AB2794A6} = {CF1BE257-AD99-44BA-9FF8-C85E514D96D1}
	EndGlobalSection
EndGlobal
